// !$*UTF8*$!
{
	archiveVersion = 1;
	classes = {
	};
	objectVersion = 46;
	objects = {

/* Begin PBXBuildFile section */
		C47B31701B43EB3100B9751E /* main.cpp in Sources */ = {isa = PBXBuildFile; fileRef = C47B316F1B43EB3100B9751E /* main.cpp */; };
		C47B31781B43EE5300B9751E /* OpenCL.framework in Frameworks */ = {isa = PBXBuildFile; fileRef = C47B31771B43EE5300B9751E /* OpenCL.framework */; };
		C47B317A1B43EE8100B9751E /* cl_kernel.cl in Sources */ = {isa = PBXBuildFile; fileRef = C47B31791B43EE8100B9751E /* cl_kernel.cl */; };
/* End PBXBuildFile section */

/* Begin PBXCopyFilesBuildPhase section */
		C47B316A1B43EB3100B9751E /* CopyFiles */ = {
			isa = PBXCopyFilesBuildPhase;
			buildActionMask = 8;
			dstPath = /usr/share/man/man1/;
			dstSubfolderSpec = 0;
			files = (
			);
			runOnlyForDeploymentPostprocessing = 1;
		};
/* End PBXCopyFilesBuildPhase section */

/* Begin PBXFileReference section */
		C47B316C1B43EB3100B9751E /* OpenCL.AddValue */ = {isa = PBXFileReference; explicitFileType = "compiled.mach-o.executable"; includeInIndex = 0; path = OpenCL.AddValue; sourceTree = BUILT_PRODUCTS_DIR; };
		C47B316F1B43EB3100B9751E /* main.cpp */ = {isa = PBXFileReference; lastKnownFileType = sourcecode.cpp.cpp; path = main.cpp; sourceTree = "<group>"; };
		C47B31761B43EE4000B9751E /* cl.hpp */ = {isa = PBXFileReference; lastKnownFileType = sourcecode.cpp.h; path = cl.hpp; sourceTree = "<group>"; };
		C47B31771B43EE5300B9751E /* OpenCL.framework */ = {isa = PBXFileReference; lastKnownFileType = wrapper.framework; name = OpenCL.framework; path = System/Library/Frameworks/OpenCL.framework; sourceTree = SDKROOT; };
		C47B31791B43EE8100B9751E /* cl_kernel.cl */ = {isa = PBXFileReference; fileEncoding = 4; lastKnownFileType = sourcecode.opencl; path = cl_kernel.cl; sourceTree = "<group>"; };
		C4F5D39F1B4530280026049A /* README.md */ = {isa = PBXFileReference; lastKnownFileType = net.daringfireball.markdown; name = README.md; path = ../README.md; sourceTree = "<group>"; };
/* End PBXFileReference section */

/* Begin PBXFrameworksBuildPhase section */
		C47B31691B43EB3100B9751E /* Frameworks */ = {
			isa = PBXFrameworksBuildPhase;
			buildActionMask = 2147483647;
			files = (
				C47B31781B43EE5300B9751E /* OpenCL.framework in Frameworks */,
			);
			runOnlyForDeploymentPostprocessing = 0;
		};
/* End PBXFrameworksBuildPhase section */

/* Begin PBXGroup section */
		C47B31631B43EB3100B9751E = {
			isa = PBXGroup;
			children = (
				C47B31771B43EE5300B9751E /* OpenCL.framework */,
				C47B316E1B43EB3100B9751E /* OpenCL.AddValue */,
				C47B316D1B43EB3100B9751E /* Products */,
				C4F5D3A01B4530360026049A /* Info */,
			);
			sourceTree = "<group>";
		};
		C47B316D1B43EB3100B9751E /* Products */ = {
			isa = PBXGroup;
			children = (
				C47B316C1B43EB3100B9751E /* OpenCL.AddValue */,
			);
			name = Products;
			sourceTree = "<group>";
		};
		C47B316E1B43EB3100B9751E /* OpenCL.AddValue */ = {
			isa = PBXGroup;
			children = (
				C47B316F1B43EB3100B9751E /* main.cpp */,
				C47B31761B43EE4000B9751E /* cl.hpp */,
				C47B31791B43EE8100B9751E /* cl_kernel.cl */,
			);
			path = OpenCL.AddValue;
			sourceTree = "<group>";
		};
		C4F5D3A01B4530360026049A /* Info */ = {
			isa = PBXGroup;
			children = (
				C4F5D39F1B4530280026049A /* README.md */,
			);
			name = Info;
			path = OpenCL.AddValue;
			sourceTree = "<group>";
		};
/* End PBXGroup section */

/* Begin PBXNativeTarget section */
		C47B316B1B43EB3100B9751E /* OpenCL.AddValue */ = {
			isa = PBXNativeTarget;
			buildConfigurationList = C47B31731B43EB3100B9751E /* Build configuration list for PBXNativeTarget "OpenCL.AddValue" */;
			buildPhases = (
				C47B31681B43EB3100B9751E /* Sources */,
				C47B31691B43EB3100B9751E /* Frameworks */,
				C47B316A1B43EB3100B9751E /* CopyFiles */,
			);
			buildRules = (
			);
			dependencies = (
			);
			name = OpenCL.AddValue;
			productName = OpenCL.AddValue;
			productReference = C47B316C1B43EB3100B9751E /* OpenCL.AddValue */;
			productType = "com.apple.product-type.tool";
		};
/* End PBXNativeTarget section */

/* Begin PBXProject section */
		C47B31641B43EB3100B9751E /* Project object */ = {
			isa = PBXProject;
			attributes = {
				LastUpgradeCheck = 0640;
				ORGANIZATIONNAME = Peter.Li;
				TargetAttributes = {
					C47B316B1B43EB3100B9751E = {
						CreatedOnToolsVersion = 6.4;
					};
				};
			};
			buildConfigurationList = C47B31671B43EB3100B9751E /* Build configuration list for PBXProject "OpenCL.AddValue" */;
			compatibilityVersion = "Xcode 3.2";
			developmentRegion = English;
			hasScannedForEncodings = 0;
			knownRegions = (
				en,
			);
			mainGroup = C47B31631B43EB3100B9751E;
			productRefGroup = C47B316D1B43EB3100B9751E /* Products */;
			projectDirPath = "";
			projectRoot = "";
			targets = (
				C47B316B1B43EB3100B9751E /* OpenCL.AddValue */,
			);
		};
/* End PBXProject section */

/* Begin PBXSourcesBuildPhase section */
		C47B31681B43EB3100B9751E /* Sources */ = {
			isa = PBXSourcesBuildPhase;
			buildActionMask = 2147483647;
			files = (
				C47B31701B43EB3100B9751E /* main.cpp in Sources */,
				C47B317A1B43EE8100B9751E /* cl_kernel.cl in Sources */,
			);
			runOnlyForDeploymentPostprocessing = 0;
		};
/* End PBXSourcesBuildPhase section */

/* Begin XCBuildConfiguration section */
		C47B31711B43EB3100B9751E /* Debug */ = {
			isa = XCBuildConfiguration;
			buildSettings = {
				ALWAYS_SEARCH_USER_PATHS = NO;
				CLANG_CXX_LANGUAGE_STANDARD = "gnu++0x";
				CLANG_CXX_LIBRARY = "libc++";
				CLANG_ENABLE_MODULES = YES;
				CLANG_ENABLE_OBJC_ARC = YES;
				CLANG_WARN_BOOL_CONVERSION = YES;
				CLANG_WARN_CONSTANT_CONVERSION = YES;
				CLANG_WARN_DIRECT_OBJC_ISA_USAGE = YES_ERROR;
				CLANG_WARN_EMPTY_BODY = YES;
				CLANG_WARN_ENUM_CONVERSION = YES;
				CLANG_WARN_INT_CONVERSION = YES;
				CLANG_WARN_OBJC_ROOT_CLASS = YES_ERROR;
				CLANG_WARN_UNREACHABLE_CODE = YES;
				CLANG_WARN__DUPLICATE_METHOD_MATCH = YES;
				COPY_PHASE_STRIP = NO;
				DEBUG_INFORMATION_FORMAT = dwarf;
				ENABLE_STRICT_OBJC_MSGSEND = YES;
				GCC_C_LANGUAGE_STANDARD = gnu99;
				GCC_DYNAMIC_NO_PIC = NO;
				GCC_NO_COMMON_BLOCKS = YES;
				GCC_OPTIMIZATION_LEVEL = 0;
				GCC_PREPROCESSOR_DEFINITIONS = (
					"DEBUG=1",
					"$(inherited)",
				);
				GCC_SYMBOLS_PRIVATE_EXTERN = NO;
				GCC_WARN_64_TO_32_BIT_CONVERSION = YES;
				GCC_WARN_ABOUT_RETURN_TYPE = YES_ERROR;
				GCC_WARN_UNDECLARED_SELECTOR = YES;
				GCC_WARN_UNINITIALIZED_AUTOS = YES_AGGRESSIVE;
				GCC_WARN_UNUSED_FUNCTION = YES;
				GCC_WARN_UNUSED_VARIABLE = YES;
				MACOSX_DEPLOYMENT_TARGET = 10.10;
				MTL_ENABLE_DEBUG_INFO = YES;
				ONLY_ACTIVE_ARCH = YES;
				SDKROOT = macosx;
			};
			name = Debug;
		};
		C47B31721B43EB3100B9751E /* Release */ = {
			isa = XCBuildConfiguration;
			buildSettings = {
				ALWAYS_SEARCH_USER_PATHS = NO;
				CLANG_CXX_LANGUAGE_STANDARD = "gnu++0x";
				CLANG_CXX_LIBRARY = "libc++";
				CLANG_ENABLE_MODULES = YES;
				CLANG_ENABLE_OBJC_ARC = YES;
				CLANG_WARN_BOOL_CONVERSION = YES;
				CLANG_WARN_CONSTANT_CONVERSION = YES;
				CLANG_WARN_DIRECT_OBJC_ISA_USAGE = YES_ERROR;
				CLANG_WARN_EMPTY_BODY = YES;
				CLANG_WARN_ENUM_CONVERSION = YES;
				CLANG_WARN_INT_CONVERSION = YES;
				CLANG_WARN_OBJC_ROOT_CLASS = YES_ERROR;
				CLANG_WARN_UNREACHABLE_CODE = YES;
				CLANG_WARN__DUPLICATE_METHOD_MATCH = YES;
				COPY_PHASE_STRIP = NO;
				DEBUG_INFORMATION_FORMAT = "dwarf-with-dsym";
				ENABLE_NS_ASSERTIONS = NO;
				ENABLE_STRICT_OBJC_MSGSEND = YES;
				GCC_C_LANGUAGE_STANDARD = gnu99;
				GCC_NO_COMMON_BLOCKS = YES;
				GCC_WARN_64_TO_32_BIT_CONVERSION = YES;
				GCC_WARN_ABOUT_RETURN_TYPE = YES_ERROR;
				GCC_WARN_UNDECLARED_SELECTOR = YES;
				GCC_WARN_UNINITIALIZED_AUTOS = YES_AGGRESSIVE;
				GCC_WARN_UNUSED_FUNCTION = YES;
				GCC_WARN_UNUSED_VARIABLE = YES;
				MACOSX_DEPLOYMENT_TARGET = 10.10;
				MTL_ENABLE_DEBUG_INFO = NO;
				SDKROOT = macosx;
			};
			name = Release;
		};
		C47B31741B43EB3100B9751E /* Debug */ = {
			isa = XCBuildConfiguration;
			buildSettings = {
				PRODUCT_NAME = "$(TARGET_NAME)";
			};
			name = Debug;
		};
		C47B31751B43EB3100B9751E /* Release */ = {
			isa = XCBuildConfiguration;
			buildSettings = {
				PRODUCT_NAME = "$(TARGET_NAME)";
			};
			name = Release;
		};
/* End XCBuildConfiguration section */

/* Begin XCConfigurationList section */
		C47B31671B43EB3100B9751E /* Build configuration list for PBXProject "OpenCL.AddValue" */ = {
			isa = XCConfigurationList;
			buildConfigurations = (
				C47B31711B43EB3100B9751E /* Debug */,
				C47B31721B43EB3100B9751E /* Release */,
			);
			defaultConfigurationIsVisible = 0;
			defaultConfigurationName = Release;
		};
		C47B31731B43EB3100B9751E /* Build configuration list for PBXNativeTarget "OpenCL.AddValue" */ = {
			isa = XCConfigurationList;
			buildConfigurations = (
				C47B31741B43EB3100B9751E /* Debug */,
				C47B31751B43EB3100B9751E /* Release */,
			);
			defaultConfigurationIsVisible = 0;
			defaultConfigurationName = Release;
		};
/* End XCConfigurationList section */
	};
	rootObject = C47B31641B43EB3100B9751E /* Project object */;
}
